
Microsoft Visual Studio Solution File, Format Version 12.00
# Visual Studio Version 17
VisualStudioVersion = 17.10.34916.146
MinimumVisualStudioVersion = 10.0.40219.1
Project("{9A19103F-16F7-4668-BE54-9A1E7A4F7556}") = "AmrAmin.DesignPatterns", "AmrAmin.DesignPatterns.csproj", "{F9515D3E-4B9F-4742-A3C6-8B1FE8A19310}"
EndProject
Project("{9A19103F-16F7-4668-BE54-9A1E7A4F7556}") = "AmrAmin.DesignPatterns.MementoPattern", "..\AmrAmin.DesignPatterns.MementoPattern\AmrAmin.DesignPatterns.MementoPattern.csproj", "{30BC6E22-DA69-41C6-8F33-C7507D1BF670}"
EndProject
Project("{FAE04EC0-301F-11D3-BF4B-00C04F79EFBC}") = "AmrAmin.DesignPatterns.StatePattern", "..\AmrAmin.DesignPatterns.StatePattern\AmrAmin.DesignPatterns.StatePattern.csproj", "{349757AF-3853-461B-B0BE-1C47322A84BC}"
EndProject
Project("{FAE04EC0-301F-11D3-BF4B-00C04F79EFBC}") = "AmrAmin.DesignPatterns.IteratorPattern", "..\AmrAmin.DesignPatterns.IteratorPattern\AmrAmin.DesignPatterns.IteratorPattern.csproj", "{DA0EC596-A4D7-43CD-8D41-B01AE9147D17}"
EndProject
Project("{FAE04EC0-301F-11D3-BF4B-00C04F79EFBC}") = "AmrAmin.DesignPatterns.Strategy Pattern", "..\AmrAmin.DesignPatterns.Strategy Pattern\AmrAmin.DesignPatterns.Strategy Pattern.csproj", "{5D270318-DFE3-4683-8247-4332A222E215}"
EndProject
Project("{FAE04EC0-301F-11D3-BF4B-00C04F79EFBC}") = "AmrAmin.DesignPatterns.TemplateMethodPattern", "..\AmrAmin.DesignPatterns.TemplateMethodPattern\AmrAmin.DesignPatterns.TemplateMethodPattern.csproj", "{5B3F8D88-AE5D-43A8-B67F-9653E5B4EF81}"
EndProject
Project("{FAE04EC0-301F-11D3-BF4B-00C04F79EFBC}") = "AmrAmin.DesignPatterns.CommandPattern", "..\AmrAmin.DesignPatterns.CommandPattern\AmrAmin.DesignPatterns.CommandPattern.csproj", "{3375AEF8-AC6D-4FAE-A2DD-E441D8B74FB5}"
EndProject
Project("{FAE04EC0-301F-11D3-BF4B-00C04F79EFBC}") = "AmrAmin.DesignPatterns.VisitorPattern", "..\AmrAmin.DesignPatterns.VisitorPattern\AmrAmin.DesignPatterns.VisitorPattern.csproj", "{032F5D52-B9DC-4F42-AD6C-CEE7C6670559}"
EndProject
Project("{FAE04EC0-301F-11D3-BF4B-00C04F79EFBC}") = "AmrAmin.DesignPatterns.ChainOfResponsibility", "..\AmrAmin.DesignPatterns.ChainOfResponsibility\AmrAmin.DesignPatterns.ChainOfResponsibility.csproj", "{8F0CCA79-C11E-42A9-B6B2-94270CCB7C72}"
EndProject
Project("{FAE04EC0-301F-11D3-BF4B-00C04F79EFBC}") = "AmrAmin.DesignPatterns.ObserverPattern", "..\AmrAmin.DesignPatterns.ObserverPattern\AmrAmin.DesignPatterns.ObserverPattern.csproj", "{645C2B12-284B-49B1-B969-957ABB1D6431}"
EndProject
Project("{FAE04EC0-301F-11D3-BF4B-00C04F79EFBC}") = "AmrAmin.DesignPatterns.MediatorPattern", "..\AmrAmin.DesignPatterns.MediatorPattern\AmrAmin.DesignPatterns.MediatorPattern.csproj", "{A3007353-6CB1-4D1F-B448-D3487456EE61}"
EndProject
Project("{FAE04EC0-301F-11D3-BF4B-00C04F79EFBC}") = "AmrAmin.DesignPatterns.ProxyPattern", "..\AmrAmin.DesignPatterns.ProxyPattern\AmrAmin.DesignPatterns.ProxyPattern.csproj", "{80E32A15-F3DB-4939-B6F7-E6DF1CDFD227}"
EndProject
Project("{FAE04EC0-301F-11D3-BF4B-00C04F79EFBC}") = "AmrAmin.DesignPatterns.BridgePattern", "..\AmrAmin.DesignPatterns.BridgePattern\AmrAmin.DesignPatterns.BridgePattern.csproj", "{A5BDD67F-0E28-4FC8-96A0-844924791A26}"
EndProject
Project("{FAE04EC0-301F-11D3-BF4B-00C04F79EFBC}") = "AmrAmin.DesignPatterns.FlyweightPattern", "..\AmrAmin.DesignPatterns.FlyweightPattern\AmrAmin.DesignPatterns.FlyweightPattern.csproj", "{E6BBB187-017F-48DB-B629-D4CDC4ADF0A8}"
EndProject
Project("{FAE04EC0-301F-11D3-BF4B-00C04F79EFBC}") = "AmrAmin.DesignPatterns.FacadePattern", "..\AmrAmin.DesignPatterns.FacadePattern\AmrAmin.DesignPatterns.FacadePattern.csproj", "{D308FEA1-528F-42EB-93B1-A88CD29E488F}"
EndProject
Project("{FAE04EC0-301F-11D3-BF4B-00C04F79EFBC}") = "AmrAmin.DesignPatterns.DecoratorPattern", "..\AmrAmin.DesignPatterns.DecoratorPattern\AmrAmin.DesignPatterns.DecoratorPattern.csproj", "{37432CE1-1BF0-42E0-8A5C-68842E205872}"
EndProject
Project("{FAE04EC0-301F-11D3-BF4B-00C04F79EFBC}") = "AmrAmin.DesignPatterns.AdapterPattern", "..\AmrAmin.DesignPatterns.AdapterPattern\AmrAmin.DesignPatterns.AdapterPattern.csproj", "{2C468853-AE56-499C-AC94-FD0CFEFBB91F}"
EndProject
Project("{FAE04EC0-301F-11D3-BF4B-00C04F79EFBC}") = "AmrAmin.DesignPatterns.CompositePattern", "..\AmrAmin.DesignPatterns.CompositePattern\AmrAmin.DesignPatterns.CompositePattern.csproj", "{771D5856-08DF-4EFA-9A26-1B09A42326BE}"
EndProject
Global
	GlobalSection(SolutionConfigurationPlatforms) = preSolution
		Debug|Any CPU = Debug|Any CPU
		Release|Any CPU = Release|Any CPU
	EndGlobalSection
	GlobalSection(ProjectConfigurationPlatforms) = postSolution
		{F9515D3E-4B9F-4742-A3C6-8B1FE8A19310}.Debug|Any CPU.ActiveCfg = Debug|Any CPU
		{F9515D3E-4B9F-4742-A3C6-8B1FE8A19310}.Debug|Any CPU.Build.0 = Debug|Any CPU
		{F9515D3E-4B9F-4742-A3C6-8B1FE8A19310}.Release|Any CPU.ActiveCfg = Release|Any CPU
		{F9515D3E-4B9F-4742-A3C6-8B1FE8A19310}.Release|Any CPU.Build.0 = Release|Any CPU
		{30BC6E22-DA69-41C6-8F33-C7507D1BF670}.Debug|Any CPU.ActiveCfg = Debug|Any CPU
		{30BC6E22-DA69-41C6-8F33-C7507D1BF670}.Debug|Any CPU.Build.0 = Debug|Any CPU
		{30BC6E22-DA69-41C6-8F33-C7507D1BF670}.Release|Any CPU.ActiveCfg = Release|Any CPU
		{30BC6E22-DA69-41C6-8F33-C7507D1BF670}.Release|Any CPU.Build.0 = Release|Any CPU
		{349757AF-3853-461B-B0BE-1C47322A84BC}.Debug|Any CPU.ActiveCfg = Debug|Any CPU
		{349757AF-3853-461B-B0BE-1C47322A84BC}.Debug|Any CPU.Build.0 = Debug|Any CPU
		{349757AF-3853-461B-B0BE-1C47322A84BC}.Release|Any CPU.ActiveCfg = Release|Any CPU
		{349757AF-3853-461B-B0BE-1C47322A84BC}.Release|Any CPU.Build.0 = Release|Any CPU
		{DA0EC596-A4D7-43CD-8D41-B01AE9147D17}.Debug|Any CPU.ActiveCfg = Debug|Any CPU
		{DA0EC596-A4D7-43CD-8D41-B01AE9147D17}.Debug|Any CPU.Build.0 = Debug|Any CPU
		{DA0EC596-A4D7-43CD-8D41-B01AE9147D17}.Release|Any CPU.ActiveCfg = Release|Any CPU
		{DA0EC596-A4D7-43CD-8D41-B01AE9147D17}.Release|Any CPU.Build.0 = Release|Any CPU
		{5D270318-DFE3-4683-8247-4332A222E215}.Debug|Any CPU.ActiveCfg = Debug|Any CPU
		{5D270318-DFE3-4683-8247-4332A222E215}.Debug|Any CPU.Build.0 = Debug|Any CPU
		{5D270318-DFE3-4683-8247-4332A222E215}.Release|Any CPU.ActiveCfg = Release|Any CPU
		{5D270318-DFE3-4683-8247-4332A222E215}.Release|Any CPU.Build.0 = Release|Any CPU
		{5B3F8D88-AE5D-43A8-B67F-9653E5B4EF81}.Debug|Any CPU.ActiveCfg = Debug|Any CPU
		{5B3F8D88-AE5D-43A8-B67F-9653E5B4EF81}.Debug|Any CPU.Build.0 = Debug|Any CPU
		{5B3F8D88-AE5D-43A8-B67F-9653E5B4EF81}.Release|Any CPU.ActiveCfg = Release|Any CPU
		{5B3F8D88-AE5D-43A8-B67F-9653E5B4EF81}.Release|Any CPU.Build.0 = Release|Any CPU
		{3375AEF8-AC6D-4FAE-A2DD-E441D8B74FB5}.Debug|Any CPU.ActiveCfg = Debug|Any CPU
		{3375AEF8-AC6D-4FAE-A2DD-E441D8B74FB5}.Debug|Any CPU.Build.0 = Debug|Any CPU
		{3375AEF8-AC6D-4FAE-A2DD-E441D8B74FB5}.Release|Any CPU.ActiveCfg = Release|Any CPU
		{3375AEF8-AC6D-4FAE-A2DD-E441D8B74FB5}.Release|Any CPU.Build.0 = Release|Any CPU
		{032F5D52-B9DC-4F42-AD6C-CEE7C6670559}.Debug|Any CPU.ActiveCfg = Debug|Any CPU
		{032F5D52-B9DC-4F42-AD6C-CEE7C6670559}.Debug|Any CPU.Build.0 = Debug|Any CPU
		{032F5D52-B9DC-4F42-AD6C-CEE7C6670559}.Release|Any CPU.ActiveCfg = Release|Any CPU
		{032F5D52-B9DC-4F42-AD6C-CEE7C6670559}.Release|Any CPU.Build.0 = Release|Any CPU
		{8F0CCA79-C11E-42A9-B6B2-94270CCB7C72}.Debug|Any CPU.ActiveCfg = Debug|Any CPU
		{8F0CCA79-C11E-42A9-B6B2-94270CCB7C72}.Debug|Any CPU.Build.0 = Debug|Any CPU
		{8F0CCA79-C11E-42A9-B6B2-94270CCB7C72}.Release|Any CPU.ActiveCfg = Release|Any CPU
		{8F0CCA79-C11E-42A9-B6B2-94270CCB7C72}.Release|Any CPU.Build.0 = Release|Any CPU
		{645C2B12-284B-49B1-B969-957ABB1D6431}.Debug|Any CPU.ActiveCfg = Debug|Any CPU
		{645C2B12-284B-49B1-B969-957ABB1D6431}.Debug|Any CPU.Build.0 = Debug|Any CPU
		{645C2B12-284B-49B1-B969-957ABB1D6431}.Release|Any CPU.ActiveCfg = Release|Any CPU
		{645C2B12-284B-49B1-B969-957ABB1D6431}.Release|Any CPU.Build.0 = Release|Any CPU
		{A3007353-6CB1-4D1F-B448-D3487456EE61}.Debug|Any CPU.ActiveCfg = Debug|Any CPU
		{A3007353-6CB1-4D1F-B448-D3487456EE61}.Debug|Any CPU.Build.0 = Debug|Any CPU
		{A3007353-6CB1-4D1F-B448-D3487456EE61}.Release|Any CPU.ActiveCfg = Release|Any CPU
		{A3007353-6CB1-4D1F-B448-D3487456EE61}.Release|Any CPU.Build.0 = Release|Any CPU
		{80E32A15-F3DB-4939-B6F7-E6DF1CDFD227}.Debug|Any CPU.ActiveCfg = Debug|Any CPU
		{80E32A15-F3DB-4939-B6F7-E6DF1CDFD227}.Debug|Any CPU.Build.0 = Debug|Any CPU
		{80E32A15-F3DB-4939-B6F7-E6DF1CDFD227}.Release|Any CPU.ActiveCfg = Release|Any CPU
		{80E32A15-F3DB-4939-B6F7-E6DF1CDFD227}.Release|Any CPU.Build.0 = Release|Any CPU
		{A5BDD67F-0E28-4FC8-96A0-844924791A26}.Debug|Any CPU.ActiveCfg = Debug|Any CPU
		{A5BDD67F-0E28-4FC8-96A0-844924791A26}.Debug|Any CPU.Build.0 = Debug|Any CPU
		{A5BDD67F-0E28-4FC8-96A0-844924791A26}.Release|Any CPU.ActiveCfg = Release|Any CPU
		{A5BDD67F-0E28-4FC8-96A0-844924791A26}.Release|Any CPU.Build.0 = Release|Any CPU
		{E6BBB187-017F-48DB-B629-D4CDC4ADF0A8}.Debug|Any CPU.ActiveCfg = Debug|Any CPU
		{E6BBB187-017F-48DB-B629-D4CDC4ADF0A8}.Debug|Any CPU.Build.0 = Debug|Any CPU
		{E6BBB187-017F-48DB-B629-D4CDC4ADF0A8}.Release|Any CPU.ActiveCfg = Release|Any CPU
		{E6BBB187-017F-48DB-B629-D4CDC4ADF0A8}.Release|Any CPU.Build.0 = Release|Any CPU
		{D308FEA1-528F-42EB-93B1-A88CD29E488F}.Debug|Any CPU.ActiveCfg = Debug|Any CPU
		{D308FEA1-528F-42EB-93B1-A88CD29E488F}.Debug|Any CPU.Build.0 = Debug|Any CPU
		{D308FEA1-528F-42EB-93B1-A88CD29E488F}.Release|Any CPU.ActiveCfg = Release|Any CPU
		{D308FEA1-528F-42EB-93B1-A88CD29E488F}.Release|Any CPU.Build.0 = Release|Any CPU
		{37432CE1-1BF0-42E0-8A5C-68842E205872}.Debug|Any CPU.ActiveCfg = Debug|Any CPU
		{37432CE1-1BF0-42E0-8A5C-68842E205872}.Debug|Any CPU.Build.0 = Debug|Any CPU
		{37432CE1-1BF0-42E0-8A5C-68842E205872}.Release|Any CPU.ActiveCfg = Release|Any CPU
		{37432CE1-1BF0-42E0-8A5C-68842E205872}.Release|Any CPU.Build.0 = Release|Any CPU
		{2C468853-AE56-499C-AC94-FD0CFEFBB91F}.Debug|Any CPU.ActiveCfg = Debug|Any CPU
		{2C468853-AE56-499C-AC94-FD0CFEFBB91F}.Debug|Any CPU.Build.0 = Debug|Any CPU
		{2C468853-AE56-499C-AC94-FD0CFEFBB91F}.Release|Any CPU.ActiveCfg = Release|Any CPU
		{2C468853-AE56-499C-AC94-FD0CFEFBB91F}.Release|Any CPU.Build.0 = Release|Any CPU
		{771D5856-08DF-4EFA-9A26-1B09A42326BE}.Debug|Any CPU.ActiveCfg = Debug|Any CPU
		{771D5856-08DF-4EFA-9A26-1B09A42326BE}.Debug|Any CPU.Build.0 = Debug|Any CPU
		{771D5856-08DF-4EFA-9A26-1B09A42326BE}.Release|Any CPU.ActiveCfg = Release|Any CPU
		{771D5856-08DF-4EFA-9A26-1B09A42326BE}.Release|Any CPU.Build.0 = Release|Any CPU
	EndGlobalSection
	GlobalSection(SolutionProperties) = preSolution
		HideSolutionNode = FALSE
	EndGlobalSection
	GlobalSection(ExtensibilityGlobals) = postSolution
		SolutionGuid = {736ED492-272D-489C-B7E3-17409E638571}
	EndGlobalSection
EndGlobal
